
Microsoft Visual Studio Solution File, Format Version 12.00
# Visual Studio Version 17
VisualStudioVersion = 17.7.34018.315
MinimumVisualStudioVersion = 10.0.40219.1
Project("{9A19103F-16F7-4668-BE54-9A1E7A4F7556}") = "mydns", "dns\mydns.csproj", "{6FA8981D-4A9F-45CA-970E-B2BB0EFB815D}"
EndProject
Project("{FAE04EC0-301F-11D3-BF4B-00C04F79EFBC}") = "Client", "Client\Client.csproj", "{CAEC9BD7-1AE5-40EA-A67F-082D5EF426A0}"
EndProject
Global
	GlobalSection(SolutionConfigurationPlatforms) = preSolution
		Debug|Any CPU = Debug|Any CPU
		Release|Any CPU = Release|Any CPU
	EndGlobalSection
	GlobalSection(ProjectConfigurationPlatforms) = postSolution
		{6FA8981D-4A9F-45CA-970E-B2BB0EFB815D}.Debug|Any CPU.ActiveCfg = Debug|Any CPU
		{6FA8981D-4A9F-45CA-970E-B2BB0EFB815D}.Debug|Any CPU.Build.0 = Debug|Any CPU
		{6FA8981D-4A9F-45CA-970E-B2BB0EFB815D}.Release|Any CPU.ActiveCfg = Release|Any CPU
		{6FA8981D-4A9F-45CA-970E-B2BB0EFB815D}.Release|Any CPU.Build.0 = Release|Any CPU
		{CAEC9BD7-1AE5-40EA-A67F-082D5EF426A0}.Debug|Any CPU.ActiveCfg = Debug|Any CPU
		{CAEC9BD7-1AE5-40EA-A67F-082D5EF426A0}.Debug|Any CPU.Build.0 = Debug|Any CPU
		{CAEC9BD7-1AE5-40EA-A67F-082D5EF426A0}.Release|Any CPU.ActiveCfg = Release|Any CPU
		{CAEC9BD7-1AE5-40EA-A67F-082D5EF426A0}.Release|Any CPU.Build.0 = Release|Any CPU
	EndGlobalSection
	GlobalSection(SolutionProperties) = preSolution
		HideSolutionNode = FALSE
	EndGlobalSection
	GlobalSection(ExtensibilityGlobals) = postSolution
		SolutionGuid = {CD526B3C-76DE-45D2-85A7-A103A066633F}
	EndGlobalSection
EndGlobal
